// !$*UTF8*$!
{
	archiveVersion = 1;
	classes = {
	};
	objectVersion = 77;
	objects = {

/* Begin PBXBuildFile section */
		BB3B5A622FE081A200D53220 /* PostHog in Frameworks */ = {isa = PBXBuildFile; productRef = PH0000022FCC010000F41CFC /* PostHog */; };
/* End PBXBuildFile section */

/* Begin PBXContainerItemProxy section */
		BBD64B272FCCB30C00F41CFC /* PBXContainerItemProxy */ = {
			isa = PBXContainerItemProxy;
			containerPortal = BBD64B112FCCB30B00F41CFC /* Project object */;
			proxyType = 1;
			remoteGlobalIDString = BBD64B182FCCB30B00F41CFC;
			remoteInfo = MacCheck;
		};
		BBD64B312FCCB30C00F41CFC /* PBXContainerItemProxy */ = {
			isa = PBXContainerItemProxy;
			containerPortal = BBD64B112FCCB30B00F41CFC /* Project object */;
			proxyType = 1;
			remoteGlobalIDString = BBD64B182FCCB30B00F41CFC;
			remoteInfo = MacCheck;
		};
/* End PBXContainerItemProxy section */

/* Begin PBXFileReference section */
		BBD64B192FCCB30B00F41CFC /* MacCheck.app */ = {isa = PBXFileReference; explicitFileType = wrapper.application; includeInIndex = 0; path = MacCheck.app; sourceTree = BUILT_PRODUCTS_DIR; };
		BBD64B262FCCB30C00F41CFC /* MacCheckTests.xctest */ = {isa = PBXFileReference; explicitFileType = wrapper.cfbundle; includeInIndex = 0; path = MacCheckTests.xctest; sourceTree = BUILT_PRODUCTS_DIR; };
		BBD64B302FCCB30C00F41CFC /* MacCheckUITests.xctest */ = {isa = PBXFileReference; explicitFileType = wrapper.cfbundle; includeInIndex = 0; path = MacCheckUITests.xctest; sourceTree = BUILT_PRODUCTS_DIR; };
		BBD64B432FCCB30C00F41CFC /* MacCheck.storekit */ = {isa = PBXFileReference; lastKnownFileType = text; path = MacCheck.storekit; sourceTree = "<group>"; };
/* End PBXFileReference section */

/* Begin PBXFileSystemSynchronizedRootGroup section */
		BBD64B1B2FCCB30B00F41CFC /* MacCheck */ = {
			isa = PBXFileSystemSynchronizedRootGroup;
			path = MacCheck;
			sourceTree = "<group>";
		};
		BBD64B292FCCB30C00F41CFC /* MacCheckTests */ = {
			isa = PBXFileSystemSynchronizedRootGroup;
			path = MacCheckTests;
			sourceTree = "<group>";
		};
		BBD64B332FCCB30C00F41CFC /* MacCheckUITests */ = {
			isa = PBXFileSystemSynchronizedRootGroup;
			path = MacCheckUITests;
			sourceTree = "<group>";
		};
/* End PBXFileSystemSynchronizedRootGroup section */

/* Begin PBXFrameworksBuildPhase section */
		BBD64B162FCCB30B00F41CFC /* Frameworks */ = {
			isa = PBXFrameworksBuildPhase;
			buildActionMask = 2147483647;
			files = (
				BB3B5A622FE081A200D53220 /* PostHog in Frameworks */,
			);
			runOnlyForDeploymentPostprocessing = 0;
		};
		BBD64B232FCCB30C00F41CFC /* Frameworks */ = {
			isa = PBXFrameworksBuildPhase;
			buildActionMask = 2147483647;
			files = (
			);
			runOnlyForDeploymentPostprocessing = 0;
		};
		BBD64B2D2FCCB30C00F41CFC /* Frameworks */ = {
			isa = PBXFrameworksBuildPhase;
			buildActionMask = 2147483647;
			files = (
			);
			runOnlyForDeploymentPostprocessing = 0;
		};
/* End PBXFrameworksBuildPhase section */

/* Begin PBXGroup section */
		BBD64B102FCCB30B00F41CFC = {
			isa = PBXGroup;
			children = (
				BBD64B432FCCB30C00F41CFC /* MacCheck.storekit */,
				BBD64B1B2FCCB30B00F41CFC /* MacCheck */,
				BBD64B292FCCB30C00F41CFC /* MacCheckTests */,
				BBD64B332FCCB30C00F41CFC /* MacCheckUITests */,
				BBD64B1A2FCCB30B00F41CFC /* Products */,
			);
			sourceTree = "<group>";
		};
		BBD64B1A2FCCB30B00F41CFC /* Products */ = {
			isa = PBXGroup;
			children = (
				BBD64B192FCCB30B00F41CFC /* MacCheck.app */,
				BBD64B262FCCB30C00F41CFC /* MacCheckTests.xctest */,
				BBD64B302FCCB30C00F41CFC /* MacCheckUITests.xctest */,
			);
			name = Products;
			sourceTree = "<group>";
		};
/* End PBXGroup section */

/* Begin PBXNativeTarget section */
		BBD64B182FCCB30B00F41CFC /* MacCheck */ = {
			isa = PBXNativeTarget;
			buildConfigurationList = BBD64B3A2FCCB30C00F41CFC /* Build configuration list for PBXNativeTarget "MacCheck" */;
			buildPhases = (
				BBD64B152FCCB30B00F41CFC /* Sources */,
				BBD64B162FCCB30B00F41CFC /* Frameworks */,
				BBD64B172FCCB30B00F41CFC /* Resources */,
			);
			buildRules = (
			);
			dependencies = (
			);
			fileSystemSynchronizedGroups = (
				BBD64B1B2FCCB30B00F41CFC /* MacCheck */,
			);
			name = MacCheck;
			packageProductDependencies = (
				PH0000022FCC010000F41CFC /* PostHog */,
			);
			productName = MacCheck;
			productReference = BBD64B192FCCB30B00F41CFC /* MacCheck.app */;
			productType = "com.apple.product-type.application";
		};
		BBD64B252FCCB30C00F41CFC /* MacCheckTests */ = {
			isa = PBXNativeTarget;
			buildConfigurationList = BBD64B3D2FCCB30C00F41CFC /* Build configuration list for PBXNativeTarget "MacCheckTests" */;
			buildPhases = (
				BBD64B222FCCB30C00F41CFC /* Sources */,
				BBD64B232FCCB30C00F41CFC /* Frameworks */,
				BBD64B242FCCB30C00F41CFC /* Resources */,
			);
			buildRules = (
			);
			dependencies = (
				BBD64B282FCCB30C00F41CFC /* PBXTargetDependency */,
			);
			fileSystemSynchronizedGroups = (
				BBD64B292FCCB30C00F41CFC /* MacCheckTests */,
			);
			name = MacCheckTests;
			packageProductDependencies = (
			);
			productName = MacCheckTests;
			productReference = BBD64B262FCCB30C00F41CFC /* MacCheckTests.xctest */;
			productType = "com.apple.product-type.bundle.unit-test";
		};
		BBD64B2F2FCCB30C00F41CFC /* MacCheckUITests */ = {
			isa = PBXNativeTarget;
			buildConfigurationList = BBD64B402FCCB30C00F41CFC /* Build configuration list for PBXNativeTarget "MacCheckUITests" */;
			buildPhases = (
				BBD64B2C2FCCB30C00F41CFC /* Sources */,
				BBD64B2D2FCCB30C00F41CFC /* Frameworks */,
				BBD64B2E2FCCB30C00F41CFC /* Resources */,
			);
			buildRules = (
			);
			dependencies = (
				BBD64B322FCCB30C00F41CFC /* PBXTargetDependency */,
			);
			fileSystemSynchronizedGroups = (
				BBD64B332FCCB30C00F41CFC /* MacCheckUITests */,
			);
			name = MacCheckUITests;
			packageProductDependencies = (
			);
			productName = MacCheckUITests;
			productReference = BBD64B302FCCB30C00F41CFC /* MacCheckUITests.xctest */;
			productType = "com.apple.product-type.bundle.ui-testing";
		};
/* End PBXNativeTarget section */

/* Begin PBXProject section */
		BBD64B112FCCB30B00F41CFC /* Project object */ = {
			isa = PBXProject;
			attributes = {
				BuildIndependentTargetsInParallel = 1;
				LastSwiftUpdateCheck = 2620;
				LastUpgradeCheck = 2620;
				TargetAttributes = {
					BBD64B182FCCB30B00F41CFC = {
						CreatedOnToolsVersion = 26.2;
					};
					BBD64B252FCCB30C00F41CFC = {
						CreatedOnToolsVersion = 26.2;
						TestTargetID = BBD64B182FCCB30B00F41CFC;
					};
					BBD64B2F2FCCB30C00F41CFC = {
						CreatedOnToolsVersion = 26.2;
						TestTargetID = BBD64B182FCCB30B00F41CFC;
					};
				};
			};
			buildConfigurationList = BBD64B142FCCB30B00F41CFC /* Build configuration list for PBXProject "MacCheck" */;
			developmentRegion = en;
			hasScannedForEncodings = 0;
			knownRegions = (
				en,
				Base,
			);
			mainGroup = BBD64B102FCCB30B00F41CFC;
			minimizedProjectReferenceProxies = 1;
			packageReferences = (
				PH0000012FCC010000F41CFC /* XCRemoteSwiftPackageReference "posthog-ios" */,
			);
			preferredProjectObjectVersion = 77;
			productRefGroup = BBD64B1A2FCCB30B00F41CFC /* Products */;
			projectDirPath = "";
			projectRoot = "";
			targets = (
				BBD64B182FCCB30B00F41CFC /* MacCheck */,
				BBD64B252FCCB30C00F41CFC /* MacCheckTests */,
				BBD64B2F2FCCB30C00F41CFC /* MacCheckUITests */,
			);
		};
/* End PBXProject section */

/* Begin PBXResourcesBuildPhase section */
		BBD64B172FCCB30B00F41CFC /* Resources */ = {
			isa = PBXResourcesBuildPhase;
			buildActionMask = 2147483647;
			files = (
			);
			runOnlyForDeploymentPostprocessing = 0;
		};
		BBD64B242FCCB30C00F41CFC /* Resources */ = {
			isa = PBXResourcesBuildPhase;
			buildActionMask = 2147483647;
			files = (
			);
			runOnlyForDeploymentPostprocessing = 0;
		};
		BBD64B2E2FCCB30C00F41CFC /* Resources */ = {
			isa = PBXResourcesBuildPhase;
			buildActionMask = 2147483647;
			files = (
			);
			runOnlyForDeploymentPostprocessing = 0;
		};
/* End PBXResourcesBuildPhase section */

/* Begin PBXSourcesBuildPhase section */
		BBD64B152FCCB30B00F41CFC /* Sources */ = {
			isa = PBXSourcesBuildPhase;
			buildActionMask = 2147483647;
			files = (
			);
			runOnlyForDeploymentPostprocessing = 0;
		};
		BBD64B222FCCB30C00F41CFC /* Sources */ = {
			isa = PBXSourcesBuildPhase;
			buildActionMask = 2147483647;
			files = (
			);
			runOnlyForDeploymentPostprocessing = 0;
		};
		BBD64B2C2FCCB30C00F41CFC /* Sources */ = {
			isa = PBXSourcesBuildPhase;
			buildActionMask = 2147483647;
			files = (
			);
			runOnlyForDeploymentPostprocessing = 0;
		};
/* End PBXSourcesBuildPhase section */

/* Begin PBXTargetDependency section */
		BBD64B282FCCB30C00F41CFC /* PBXTargetDependency */ = {
			isa = PBXTargetDependency;
			target = BBD64B182FCCB30B00F41CFC /* MacCheck */;
			targetProxy = BBD64B272FCCB30C00F41CFC /* PBXContainerItemProxy */;
		};
		BBD64B322FCCB30C00F41CFC /* PBXTargetDependency */ = {
			isa = PBXTargetDependency;
			target = BBD64B182FCCB30B00F41CFC /* MacCheck */;
			targetProxy = BBD64B312FCCB30C00F41CFC /* PBXContainerItemProxy */;
		};
/* End PBXTargetDependency section */

/* Begin XCBuildConfiguration section */
		BBD64B382FCCB30C00F41CFC /* Debug */ = {
			isa = XCBuildConfiguration;
			buildSettings = {
				ALWAYS_SEARCH_USER_PATHS = NO;
				ASSETCATALOG_COMPILER_GENERATE_SWIFT_ASSET_SYMBOL_EXTENSIONS = YES;
				CLANG_ANALYZER_NONNULL = YES;
				CLANG_ANALYZER_NUMBER_OBJECT_CONVERSION = YES_AGGRESSIVE;
				CLANG_CXX_LANGUAGE_STANDARD = "gnu++20";
				CLANG_ENABLE_MODULES = YES;
				CLANG_ENABLE_OBJC_ARC = YES;
				CLANG_ENABLE_OBJC_WEAK = YES;
				CLANG_WARN_BLOCK_CAPTURE_AUTORELEASING = YES;
				CLANG_WARN_BOOL_CONVERSION = YES;
				CLANG_WARN_COMMA = YES;
				CLANG_WARN_CONSTANT_CONVERSION = YES;
				CLANG_WARN_DEPRECATED_OBJC_IMPLEMENTATIONS = YES;
				CLANG_WARN_DIRECT_OBJC_ISA_USAGE = YES_ERROR;
				CLANG_WARN_DOCUMENTATION_COMMENTS = YES;
				CLANG_WARN_EMPTY_BODY = YES;
				CLANG_WARN_ENUM_CONVERSION = YES;
				CLANG_WARN_INFINITE_RECURSION = YES;
				CLANG_WARN_INT_CONVERSION = YES;
				CLANG_WARN_NON_LITERAL_NULL_CONVERSION = YES;
				CLANG_WARN_OBJC_IMPLICIT_RETAIN_SELF = YES;
				CLANG_WARN_OBJC_LITERAL_CONVERSION = YES;
				CLANG_WARN_OBJC_ROOT_CLASS = YES_ERROR;
				CLANG_WARN_QUOTED_INCLUDE_IN_FRAMEWORK_HEADER = YES;
				CLANG_WARN_RANGE_LOOP_ANALYSIS = YES;
				CLANG_WARN_STRICT_PROTOTYPES = YES;
				CLANG_WARN_SUSPICIOUS_MOVE = YES;
				CLANG_WARN_UNGUARDED_AVAILABILITY = YES_AGGRESSIVE;
				CLANG_WARN_UNREACHABLE_CODE = YES;
				CLANG_WARN__DUPLICATE_METHOD_MATCH = YES;
				COPY_PHASE_STRIP = NO;
				DEBUG_INFORMATION_FORMAT = dwarf;
				DEVELOPMENT_TEAM = GP2XL49M9Z;
				ENABLE_STRICT_OBJC_MSGSEND = YES;
				ENABLE_TESTABILITY = YES;
				ENABLE_USER_SCRIPT_SANDBOXING = YES;
				GCC_C_LANGUAGE_STANDARD = gnu17;
				GCC_DYNAMIC_NO_PIC = NO;
				GCC_NO_COMMON_BLOCKS = YES;
				GCC_OPTIMIZATION_LEVEL = 0;
				GCC_PREPROCESSOR_DEFINITIONS = (
					"DEBUG=1",
					"$(inherited)",
				);
				GCC_WARN_64_TO_32_BIT_CONVERSION = YES;
				GCC_WARN_ABOUT_RETURN_TYPE = YES_ERROR;
				GCC_WARN_UNDECLARED_SELECTOR = YES;
				GCC_WARN_UNINITIALIZED_AUTOS = YES_AGGRESSIVE;
				GCC_WARN_UNUSED_FUNCTION = YES;
				GCC_WARN_UNUSED_VARIABLE = YES;
				LOCALIZATION_PREFERS_STRING_CATALOGS = YES;
				MACOSX_DEPLOYMENT_TARGET = 15.6;
				MTL_ENABLE_DEBUG_INFO = INCLUDE_SOURCE;
				MTL_FAST_MATH = YES;
				ONLY_ACTIVE_ARCH = YES;
				SDKROOT = macosx;
				SWIFT_ACTIVE_COMPILATION_CONDITIONS = "DEBUG $(inherited)";
				SWIFT_OPTIMIZATION_LEVEL = "-Onone";
			};
			name = Debug;
		};
		BBD64B392FCCB30C00F41CFC /* Release */ = {
			isa = XCBuildConfiguration;
			buildSettings = {
				ALWAYS_SEARCH_USER_PATHS = NO;
				ASSETCATALOG_COMPILER_GENERATE_SWIFT_ASSET_SYMBOL_EXTENSIONS = YES;
				CLANG_ANALYZER_NONNULL = YES;
				CLANG_ANALYZER_NUMBER_OBJECT_CONVERSION = YES_AGGRESSIVE;
				CLANG_CXX_LANGUAGE_STANDARD = "gnu++20";
				CLANG_ENABLE_MODULES = YES;
				CLANG_ENABLE_OBJC_ARC = YES;
				CLANG_ENABLE_OBJC_WEAK = YES;
				CLANG_WARN_BLOCK_CAPTURE_AUTORELEASING = YES;
				CLANG_WARN_BOOL_CONVERSION = YES;
				CLANG_WARN_COMMA = YES;
				CLANG_WARN_CONSTANT_CONVERSION = YES;
				CLANG_WARN_DEPRECATED_OBJC_IMPLEMENTATIONS = YES;
				CLANG_WARN_DIRECT_OBJC_ISA_USAGE = YES_ERROR;
				CLANG_WARN_DOCUMENTATION_COMMENTS = YES;
				CLANG_WARN_EMPTY_BODY = YES;
				CLANG_WARN_ENUM_CONVERSION = YES;
				CLANG_WARN_INFINITE_RECURSION = YES;
				CLANG_WARN_INT_CONVERSION = YES;
				CLANG_WARN_NON_LITERAL_NULL_CONVERSION = YES;
				CLANG_WARN_OBJC_IMPLICIT_RETAIN_SELF = YES;
				CLANG_WARN_OBJC_LITERAL_CONVERSION = YES;
				CLANG_WARN_OBJC_ROOT_CLASS = YES_ERROR;
				CLANG_WARN_QUOTED_INCLUDE_IN_FRAMEWORK_HEADER = YES;
				CLANG_WARN_RANGE_LOOP_ANALYSIS = YES;
				CLANG_WARN_STRICT_PROTOTYPES = YES;
				CLANG_WARN_SUSPICIOUS_MOVE = YES;
				CLANG_WARN_UNGUARDED_AVAILABILITY = YES_AGGRESSIVE;
				CLANG_WARN_UNREACHABLE_CODE = YES;
				CLANG_WARN__DUPLICATE_METHOD_MATCH = YES;
				COPY_PHASE_STRIP = NO;
				DEBUG_INFORMATION_FORMAT = "dwarf-with-dsym";
				DEVELOPMENT_TEAM = GP2XL49M9Z;
				ENABLE_NS_ASSERTIONS = NO;
				ENABLE_STRICT_OBJC_MSGSEND = YES;
				ENABLE_USER_SCRIPT_SANDBOXING = YES;
				GCC_C_LANGUAGE_STANDARD = gnu17;
				GCC_NO_COMMON_BLOCKS = YES;
				GCC_WARN_64_TO_32_BIT_CONVERSION = YES;
				GCC_WARN_ABOUT_RETURN_TYPE = YES_ERROR;
				GCC_WARN_UNDECLARED_SELECTOR = YES;
				GCC_WARN_UNINITIALIZED_AUTOS = YES_AGGRESSIVE;
				GCC_WARN_UNUSED_FUNCTION = YES;
				GCC_WARN_UNUSED_VARIABLE = YES;
				LOCALIZATION_PREFERS_STRING_CATALOGS = YES;
				MACOSX_DEPLOYMENT_TARGET = 15.6;
				MTL_ENABLE_DEBUG_INFO = NO;
				MTL_FAST_MATH = YES;
				SDKROOT = macosx;
				SWIFT_COMPILATION_MODE = wholemodule;
			};
			name = Release;
		};
		BBD64B3B2FCCB30C00F41CFC /* Debug */ = {
			isa = XCBuildConfiguration;
			buildSettings = {
				ASSETCATALOG_COMPILER_APPICON_NAME = AppIcon;
				ASSETCATALOG_COMPILER_GLOBAL_ACCENT_COLOR_NAME = AccentColor;
				CODE_SIGN_ENTITLEMENTS = MacCheck/MacCheck.entitlements;
				"CODE_SIGN_IDENTITY[sdk=macosx*]" = "Apple Development";
				CODE_SIGN_STYLE = Automatic;
				COMBINE_HIDPI_IMAGES = YES;
				CURRENT_PROJECT_VERSION = 4;
				DEVELOPMENT_TEAM = GP2XL49M9Z;
				ENABLE_APP_SANDBOX = YES;
				ENABLE_HARDENED_RUNTIME = YES;
				ENABLE_PREVIEWS = YES;
				ENABLE_USER_SELECTED_FILES = readwrite;
				GENERATE_INFOPLIST_FILE = YES;
				INFOPLIST_KEY_LSApplicationCategoryType = "public.app-category.utilities";
				INFOPLIST_KEY_NSHumanReadableCopyright = "";
				LD_RUNPATH_SEARCH_PATHS = (
					"$(inherited)",
					"@executable_path/../Frameworks",
				);
				MARKETING_VERSION = 1.2;
				PRODUCT_BUNDLE_IDENTIFIER = com.raytech.MacCheck;
				PRODUCT_NAME = "$(TARGET_NAME)";
				REGISTER_APP_GROUPS = YES;
				STRING_CATALOG_GENERATE_SYMBOLS = YES;
				SWIFT_APPROACHABLE_CONCURRENCY = YES;
				SWIFT_DEFAULT_ACTOR_ISOLATION = MainActor;
				SWIFT_EMIT_LOC_STRINGS = YES;
				SWIFT_UPCOMING_FEATURE_MEMBER_IMPORT_VISIBILITY = YES;
				SWIFT_VERSION = 5.0;
			};
			name = Debug;
		};
		BBD64B3C2FCCB30C00F41CFC /* Release */ = {
			isa = XCBuildConfiguration;
			buildSettings = {
				ASSETCATALOG_COMPILER_APPICON_NAME = AppIcon;
				ASSETCATALOG_COMPILER_GLOBAL_ACCENT_COLOR_NAME = AccentColor;
				CODE_SIGN_ENTITLEMENTS = MacCheck/MacCheck.entitlements;
				"CODE_SIGN_IDENTITY[sdk=macosx*]" = "Apple Development";
				CODE_SIGN_STYLE = Automatic;
				COMBINE_HIDPI_IMAGES = YES;
				CURRENT_PROJECT_VERSION = 4;
				DEVELOPMENT_TEAM = GP2XL49M9Z;
				ENABLE_APP_SANDBOX = YES;
				ENABLE_HARDENED_RUNTIME = YES;
				ENABLE_PREVIEWS = YES;
				ENABLE_USER_SELECTED_FILES = readwrite;
				GENERATE_INFOPLIST_FILE = YES;
				INFOPLIST_KEY_LSApplicationCategoryType = "public.app-category.utilities";
				INFOPLIST_KEY_NSHumanReadableCopyright = "";
				LD_RUNPATH_SEARCH_PATHS = (
					"$(inherited)",
					"@executable_path/../Frameworks",
				);
				MARKETING_VERSION = 1.2;
				PRODUCT_BUNDLE_IDENTIFIER = com.raytech.MacCheck;
				PRODUCT_NAME = "$(TARGET_NAME)";
				REGISTER_APP_GROUPS = YES;
				STRING_CATALOG_GENERATE_SYMBOLS = YES;
				SWIFT_APPROACHABLE_CONCURRENCY = YES;
				SWIFT_DEFAULT_ACTOR_ISOLATION = MainActor;
				SWIFT_EMIT_LOC_STRINGS = YES;
				SWIFT_UPCOMING_FEATURE_MEMBER_IMPORT_VISIBILITY = YES;
				SWIFT_VERSION = 5.0;
			};
			name = Release;
		};
		BBD64B3E2FCCB30C00F41CFC /* Debug */ = {
			isa = XCBuildConfiguration;
			buildSettings = {
				BUNDLE_LOADER = "$(TEST_HOST)";
				CODE_SIGN_STYLE = Automatic;
				CURRENT_PROJECT_VERSION = 1;
				DEVELOPMENT_TEAM = GP2XL49M9Z;
				GENERATE_INFOPLIST_FILE = YES;
				MACOSX_DEPLOYMENT_TARGET = 15.6;
				MARKETING_VERSION = 1.0;
				PRODUCT_BUNDLE_IDENTIFIER = com.raytech.MacCheckTests;
				PRODUCT_NAME = "$(TARGET_NAME)";
				STRING_CATALOG_GENERATE_SYMBOLS = NO;
				SWIFT_APPROACHABLE_CONCURRENCY = YES;
				SWIFT_EMIT_LOC_STRINGS = NO;
				SWIFT_UPCOMING_FEATURE_MEMBER_IMPORT_VISIBILITY = YES;
				SWIFT_VERSION = 5.0;
				TEST_HOST = "$(BUILT_PRODUCTS_DIR)/MacCheck.app/$(BUNDLE_EXECUTABLE_FOLDER_PATH)/MacCheck";
			};
			name = Debug;
		};
		BBD64B3F2FCCB30C00F41CFC /* Release */ = {
			isa = XCBuildConfiguration;
			buildSettings = {
				BUNDLE_LOADER = "$(TEST_HOST)";
				CODE_SIGN_STYLE = Automatic;
				CURRENT_PROJECT_VERSION = 1;
				DEVELOPMENT_TEAM = GP2XL49M9Z;
				GENERATE_INFOPLIST_FILE = YES;
				MACOSX_DEPLOYMENT_TARGET = 15.6;
				MARKETING_VERSION = 1.0;
				PRODUCT_BUNDLE_IDENTIFIER = com.raytech.MacCheckTests;
				PRODUCT_NAME = "$(TARGET_NAME)";
				STRING_CATALOG_GENERATE_SYMBOLS = NO;
				SWIFT_APPROACHABLE_CONCURRENCY = YES;
				SWIFT_EMIT_LOC_STRINGS = NO;
				SWIFT_UPCOMING_FEATURE_MEMBER_IMPORT_VISIBILITY = YES;
				SWIFT_VERSION = 5.0;
				TEST_HOST = "$(BUILT_PRODUCTS_DIR)/MacCheck.app/$(BUNDLE_EXECUTABLE_FOLDER_PATH)/MacCheck";
			};
			name = Release;
		};
		BBD64B412FCCB30C00F41CFC /* Debug */ = {
			isa = XCBuildConfiguration;
			buildSettings = {
				CODE_SIGN_STYLE = Automatic;
				CURRENT_PROJECT_VERSION = 1;
				DEVELOPMENT_TEAM = GP2XL49M9Z;
				GENERATE_INFOPLIST_FILE = YES;
				MARKETING_VERSION = 1.0;
				PRODUCT_BUNDLE_IDENTIFIER = com.raytech.MacCheckUITests;
				PRODUCT_NAME = "$(TARGET_NAME)";
				STRING_CATALOG_GENERATE_SYMBOLS = NO;
				SWIFT_APPROACHABLE_CONCURRENCY = YES;
				SWIFT_EMIT_LOC_STRINGS = NO;
				SWIFT_UPCOMING_FEATURE_MEMBER_IMPORT_VISIBILITY = YES;
				SWIFT_VERSION = 5.0;
				TEST_TARGET_NAME = MacCheck;
			};
			name = Debug;
		};
		BBD64B422FCCB30C00F41CFC /* Release */ = {
			isa = XCBuildConfiguration;
			buildSettings = {
				CODE_SIGN_STYLE = Automatic;
				CURRENT_PROJECT_VERSION = 1;
				DEVELOPMENT_TEAM = GP2XL49M9Z;
				GENERATE_INFOPLIST_FILE = YES;
				MARKETING_VERSION = 1.0;
				PRODUCT_BUNDLE_IDENTIFIER = com.raytech.MacCheckUITests;
				PRODUCT_NAME = "$(TARGET_NAME)";
				STRING_CATALOG_GENERATE_SYMBOLS = NO;
				SWIFT_APPROACHABLE_CONCURRENCY = YES;
				SWIFT_EMIT_LOC_STRINGS = NO;
				SWIFT_UPCOMING_FEATURE_MEMBER_IMPORT_VISIBILITY = YES;
				SWIFT_VERSION = 5.0;
				TEST_TARGET_NAME = MacCheck;
			};
			name = Release;
		};
/* End XCBuildConfiguration section */

/* Begin XCConfigurationList section */
		BBD64B142FCCB30B00F41CFC /* Build configuration list for PBXProject "MacCheck" */ = {
			isa = XCConfigurationList;
			buildConfigurations = (
				BBD64B382FCCB30C00F41CFC /* Debug */,
				BBD64B392FCCB30C00F41CFC /* Release */,
			);
			defaultConfigurationIsVisible = 0;
			defaultConfigurationName = Release;
		};
		BBD64B3A2FCCB30C00F41CFC /* Build configuration list for PBXNativeTarget "MacCheck" */ = {
			isa = XCConfigurationList;
			buildConfigurations = (
				BBD64B3B2FCCB30C00F41CFC /* Debug */,
				BBD64B3C2FCCB30C00F41CFC /* Release */,
			);
			defaultConfigurationIsVisible = 0;
			defaultConfigurationName = Release;
		};
		BBD64B3D2FCCB30C00F41CFC /* Build configuration list for PBXNativeTarget "MacCheckTests" */ = {
			isa = XCConfigurationList;
			buildConfigurations = (
				BBD64B3E2FCCB30C00F41CFC /* Debug */,
				BBD64B3F2FCCB30C00F41CFC /* Release */,
			);
			defaultConfigurationIsVisible = 0;
			defaultConfigurationName = Release;
		};
		BBD64B402FCCB30C00F41CFC /* Build configuration list for PBXNativeTarget "MacCheckUITests" */ = {
			isa = XCConfigurationList;
			buildConfigurations = (
				BBD64B412FCCB30C00F41CFC /* Debug */,
				BBD64B422FCCB30C00F41CFC /* Release */,
			);
			defaultConfigurationIsVisible = 0;
			defaultConfigurationName = Release;
		};
/* End XCConfigurationList section */

/* Begin XCRemoteSwiftPackageReference section */
		PH0000012FCC010000F41CFC /* XCRemoteSwiftPackageReference "posthog-ios" */ = {
			isa = XCRemoteSwiftPackageReference;
			repositoryURL = "https://github.com/PostHog/posthog-ios.git";
			requirement = {
				kind = upToNextMajorVersion;
				minimumVersion = 3.56.0;
			};
		};
/* End XCRemoteSwiftPackageReference section */

/* Begin XCSwiftPackageProductDependency section */
		PH0000022FCC010000F41CFC /* PostHog */ = {
			isa = XCSwiftPackageProductDependency;
			package = PH0000012FCC010000F41CFC /* XCRemoteSwiftPackageReference "posthog-ios" */;
			productName = PostHog;
		};
/* End XCSwiftPackageProductDependency section */
	};
	rootObject = BBD64B112FCCB30B00F41CFC /* Project object */;
}
